// !$*UTF8*$!
{
	archiveVersion = 1;
	classes = {
	};
	objectVersion = 46;
	objects = {

/* Begin PBXBuildFile section */
		5C5780391FB44DD100573B94 /* AppDelegate.swift in Sources */ = {isa = PBXBuildFile; fileRef = 5C5780381FB44DD100573B94 /* AppDelegate.swift */; };
		5C57803B1FB44DD100573B94 /* ViewController.swift in Sources */ = {isa = PBXBuildFile; fileRef = 5C57803A1FB44DD100573B94 /* ViewController.swift */; };
		5C57803E1FB44DD100573B94 /* Main.storyboard in Resources */ = {isa = PBXBuildFile; fileRef = 5C57803C1FB44DD100573B94 /* Main.storyboard */; };
		5C5780401FB44DD100573B94 /* Assets.xcassets in Resources */ = {isa = PBXBuildFile; fileRef = 5C57803F1FB44DD100573B94 /* Assets.xcassets */; };
		5C5780431FB44DD100573B94 /* LaunchScreen.storyboard in Resources */ = {isa = PBXBuildFile; fileRef = 5C5780411FB44DD100573B94 /* LaunchScreen.storyboard */; };
/* End PBXBuildFile section */

/* Begin PBXFileReference section */
		5C5780351FB44DD100573B94 /* SetLocation.app */ = {isa = PBXFileReference; explicitFileType = wrapper.application; includeInIndex = 0; path = SetLocation.app; sourceTree = BUILT_PRODUCTS_DIR; };
		5C5780381FB44DD100573B94 /* AppDelegate.swift */ = {isa = PBXFileReference; lastKnownFileType = sourcecode.swift; path = AppDelegate.swift; sourceTree = "<group>"; };
		5C57803A1FB44DD100573B94 /* ViewController.swift */ = {isa = PBXFileReference; lastKnownFileType = sourcecode.swift; path = ViewController.swift; sourceTree = "<group>"; };
		5C57803D1FB44DD100573B94 /* Base */ = {isa = PBXFileReference; lastKnownFileType = file.storyboard; name = Base; path = Base.lproj/Main.storyboard; sourceTree = "<group>"; };
		5C57803F1FB44DD100573B94 /* Assets.xcassets */ = {isa = PBXFileReference; lastKnownFileType = folder.assetcatalog; path = Assets.xcassets; sourceTree = "<group>"; };
		5C5780421FB44DD100573B94 /* Base */ = {isa = PBXFileReference; lastKnownFileType = file.storyboard; name = Base; path = Base.lproj/LaunchScreen.storyboard; sourceTree = "<group>"; };
		5C5780441FB44DD100573B94 /* Info.plist */ = {isa = PBXFileReference; lastKnownFileType = text.plist.xml; path = Info.plist; sourceTree = "<group>"; };
/* End PBXFileReference section */

/* Begin PBXFrameworksBuildPhase section */
		5C5780321FB44DD100573B94 /* Frameworks */ = {
			isa = PBXFrameworksBuildPhase;
			buildActionMask = 2147483647;
			files = (
			);
			runOnlyForDeploymentPostprocessing = 0;
		};
/* End PBXFrameworksBuildPhase section */

/* Begin PBXGroup section */
		5C57802C1FB44DD100573B94 = {
			isa = PBXGroup;
			children = (
				5C5780371FB44DD100573B94 /* SetLocation */,
				5C5780361FB44DD100573B94 /* Products */,
			);
			sourceTree = "<group>";
		};
		5C5780361FB44DD100573B94 /* Products */ = {
			isa = PBXGroup;
			children = (
				5C5780351FB44DD100573B94 /* SetLocation.app */,
			);
			name = Products;
			sourceTree = "<group>";
		};
		5C5780371FB44DD100573B94 /* SetLocation */ = {
			isa = PBXGroup;
			children = (
				5C5780381FB44DD100573B94 /* AppDelegate.swift */,
				5C57803A1FB44DD100573B94 /* ViewController.swift */,
				5C57803C1FB44DD100573B94 /* Main.storyboard */,
				5C57803F1FB44DD100573B94 /* Assets.xcassets */,
				5C5780411FB44DD100573B94 /* LaunchScreen.storyboard */,
				5C5780441FB44DD100573B94 /* Info.plist */,
			);
			path = SetLocation;
			sourceTree = "<group>";
		};
/* End PBXGroup section */

/* Begin PBXNativeTarget section */
		5C5780341FB44DD100573B94 /* SetLocation */ = {
			isa = PBXNativeTarget;
			buildConfigurationList = 5C5780471FB44DD100573B94 /* Build configuration list for PBXNativeTarget "SetLocation" */;
			buildPhases = (
				5C5780311FB44DD100573B94 /* Sources */,
				5C5780321FB44DD100573B94 /* Frameworks */,
				5C5780331FB44DD100573B94 /* Resources */,
			);
			buildRules = (
			);
			dependencies = (
			);
			name = SetLocation;
			productName = SetLocation;
			productReference = 5C5780351FB44DD100573B94 /* SetLocation.app */;
			productType = "com.apple.product-type.application";
		};
/* End PBXNativeTarget section */

/* Begin PBXProject section */
		5C57802D1FB44DD100573B94 /* Project object */ = {
			isa = PBXProject;
			attributes = {
				LastSwiftUpdateCheck = 0830;
				LastUpgradeCheck = 0830;
				ORGANIZATIONNAME = "Rimil Dey";
				TargetAttributes = {
					5C5780341FB44DD100573B94 = {
						CreatedOnToolsVersion = 8.3.3;
						DevelopmentTeam = DE7VK33CN4;
						ProvisioningStyle = Automatic;
					};
				};
			};
			buildConfigurationList = 5C5780301FB44DD100573B94 /* Build configuration list for PBXProject "SetLocation" */;
			compatibilityVersion = "Xcode 3.2";
			developmentRegion = English;
			hasScannedForEncodings = 0;
			knownRegions = (
				en,
				Base,
			);
			mainGroup = 5C57802C1FB44DD100573B94;
			productRefGroup = 5C5780361FB44DD100573B94 /* Products */;
			projectDirPath = "";
			projectRoot = "";
			targets = (
				5C5780341FB44DD100573B94 /* SetLocation */,
			);
		};
/* End PBXProject section */

/* Begin PBXResourcesBuildPhase section */
		5C5780331FB44DD100573B94 /* Resources */ = {
			isa = PBXResourcesBuildPhase;
			buildActionMask = 2147483647;
			files = (
				5C5780431FB44DD100573B94 /* LaunchScreen.storyboard in Resources */,
				5C5780401FB44DD100573B94 /* Assets.xcassets in Resources */,
				5C57803E1FB44DD100573B94 /* Main.storyboard in Resources */,
			);
			runOnlyForDeploymentPostprocessing = 0;
		};
/* End PBXResourcesBuildPhase section */

/* Begin PBXSourcesBuildPhase section */
		5C5780311FB44DD100573B94 /* Sources */ = {
			isa = PBXSourcesBuildPhase;
			buildActionMask = 2147483647;
			files = (
				5C57803B1FB44DD100573B94 /* ViewController.swift in Sources */,
				5C5780391FB44DD100573B94 /* AppDelegate.swift in Sources */,
			);
			runOnlyForDeploymentPostprocessing = 0;
		};
/* End PBXSourcesBuildPhase section */

/* Begin PBXVariantGroup section */
		5C57803C1FB44DD100573B94 /* Main.storyboard */ = {
			isa = PBXVariantGroup;
			children = (
				5C57803D1FB44DD100573B94 /* Base */,
			);
			name = Main.storyboard;
			sourceTree = "<group>";
		};
		5C5780411FB44DD100573B94 /* LaunchScreen.storyboard */ = {
			isa = PBXVariantGroup;
			children = (
				5C5780421FB44DD100573B94 /* Base */,
			);
			name = LaunchScreen.storyboard;
			sourceTree = "<group>";
		};
/* End PBXVariantGroup section */

/* Begin XCBuildConfiguration section */
		5C5780451FB44DD100573B94 /* Debug */ = {
			isa = XCBuildConfiguration;
			buildSettings = {
				ALWAYS_SEARCH_USER_PATHS = NO;
				CLANG_ANALYZER_NONNULL = YES;
				CLANG_ANALYZER_NUMBER_OBJECT_CONVERSION = YES_AGGRESSIVE;
				CLANG_CXX_LANGUAGE_STANDARD = "gnu++0x";
				CLANG_CXX_LIBRARY = "libc++";
				CLANG_ENABLE_MODULES = YES;
				CLANG_ENABLE_OBJC_ARC = YES;
				CLANG_WARN_BOOL_CONVERSION = YES;
				CLANG_WARN_CONSTANT_CONVERSION = YES;
				CLANG_WARN_DIRECT_OBJC_ISA_USAGE = YES_ERROR;
				CLANG_WARN_DOCUMENTATION_COMMENTS = YES;
				CLANG_WARN_EMPTY_BODY = YES;
				CLANG_WARN_ENUM_CONVERSION = YES;
				CLANG_WARN_INFINITE_RECURSION = YES;
				CLANG_WARN_INT_CONVERSION = YES;
				CLANG_WARN_OBJC_ROOT_CLASS = YES_ERROR;
				CLANG_WARN_SUSPICIOUS_MOVE = YES;
				CLANG_WARN_UNREACHABLE_CODE = YES;
				CLANG_WARN__DUPLICATE_METHOD_MATCH = YES;
				"CODE_SIGN_IDENTITY[sdk=iphoneos*]" = "iPhone Developer";
				COPY_PHASE_STRIP = NO;
				DEBUG_INFORMATION_FORMAT = dwarf;
				ENABLE_STRICT_OBJC_MSGSEND = YES;
				ENABLE_TESTABILITY = YES;
				GCC_C_LANGUAGE_STANDARD = gnu99;
				GCC_DYNAMIC_NO_PIC = NO;
				GCC_NO_COMMON_BLOCKS = YES;
				GCC_OPTIMIZATION_LEVEL = 0;
				GCC_PREPROCESSOR_DEFINITIONS = (
					"DEBUG=1",
					"$(inherited)",
				);
				GCC_WARN_64_TO_32_BIT_CONVERSION = YES;
				GCC_WARN_ABOUT_RETURN_TYPE = YES_ERROR;
				GCC_WARN_UNDECLARED_SELECTOR = YES;
				GCC_WARN_UNINITIALIZED_AUTOS = YES_AGGRESSIVE;
				GCC_WARN_UNUSED_FUNCTION = YES;
				GCC_WARN_UNUSED_VARIABLE = YES;
				IPHONEOS_DEPLOYMENT_TARGET = 10.3;
				MTL_ENABLE_DEBUG_INFO = YES;
				ONLY_ACTIVE_ARCH = YES;
				SDKROOT = iphoneos;
				SWIFT_ACTIVE_COMPILATION_CONDITIONS = DEBUG;
				SWIFT_OPTIMIZATION_LEVEL = "-Onone";
				TARGETED_DEVICE_FAMILY = "1,2";
			};
			name = Debug;
		};
		5C5780461FB44DD100573B94 /* Release */ = {
			isa = XCBuildConfiguration;
			buildSettings = {
				ALWAYS_SEARCH_USER_PATHS = NO;
				CLANG_ANALYZER_NONNULL = YES;
				CLANG_ANALYZER_NUMBER_OBJECT_CONVERSION = YES_AGGRESSIVE;
				CLANG_CXX_LANGUAGE_STANDARD = "gnu++0x";
				CLANG_CXX_LIBRARY = "libc++";
				CLANG_ENABLE_MODULES = YES;
				CLANG_ENABLE_OBJC_ARC = YES;
				CLANG_WARN_BOOL_CONVERSION = YES;
				CLANG_WARN_CONSTANT_CONVERSION = YES;
				CLANG_WARN_DIRECT_OBJC_ISA_USAGE = YES_ERROR;
				CLANG_WARN_DOCUMENTATION_COMMENTS = YES;
				CLANG_WARN_EMPTY_BODY = YES;
				CLANG_WARN_ENUM_CONVERSION = YES;
				CLANG_WARN_INFINITE_RECURSION = YES;
				CLANG_WARN_INT_CONVERSION = YES;
				CLANG_WARN_OBJC_ROOT_CLASS = YES_ERROR;
				CLANG_WARN_SUSPICIOUS_MOVE = YES;
				CLANG_WARN_UNREACHABLE_CODE = YES;
				CLANG_WARN__DUPLICATE_METHOD_MATCH = YES;
				"CODE_SIGN_IDENTITY[sdk=iphoneos*]" = "iPhone Developer";
				COPY_PHASE_STRIP = NO;
				DEBUG_INFORMATION_FORMAT = "dwarf-with-dsym";
				ENABLE_NS_ASSERTIONS = NO;
				ENABLE_STRICT_OBJC_MSGSEND = YES;
				GCC_C_LANGUAGE_STANDARD = gnu99;
				GCC_NO_COMMON_BLOCKS = YES;
				GCC_WARN_64_TO_32_BIT_CONVERSION = YES;
				GCC_WARN_ABOUT_RETURN_TYPE = YES_ERROR;
				GCC_WARN_UNDECLARED_SELECTOR = YES;
				GCC_WARN_UNINITIALIZED_AUTOS = YES_AGGRESSIVE;
				GCC_WARN_UNUSED_FUNCTION = YES;
				GCC_WARN_UNUSED_VARIABLE = YES;
				IPHONEOS_DEPLOYMENT_TARGET = 10.3;
				MTL_ENABLE_DEBUG_INFO = NO;
				SDKROOT = iphoneos;
				SWIFT_OPTIMIZATION_LEVEL = "-Owholemodule";
				TARGETED_DEVICE_FAMILY = "1,2";
				VALIDATE_PRODUCT = YES;
			};
			name = Release;
		};
		5C5780481FB44DD100573B94 /* Debug */ = {
			isa = XCBuildConfiguration;
			buildSettings = {
				ASSETCATALOG_COMPILER_APPICON_NAME = AppIcon;
				DEVELOPMENT_TEAM = DE7VK33CN4;
				INFOPLIST_FILE = SetLocation/Info.plist;
				LD_RUNPATH_SEARCH_PATHS = "$(inherited) @executable_path/Frameworks";
				PRODUCT_BUNDLE_IDENTIFIER = rimildeyjsr.SetLocation;
				PRODUCT_NAME = "$(TARGET_NAME)";
				SWIFT_VERSION = 3.0;
			};
			name = Debug;
		};
		5C5780491FB44DD100573B94 /* Release */ = {
			isa = XCBuildConfiguration;
			buildSettings = {
				ASSETCATALOG_COMPILER_APPICON_NAME = AppIcon;
				DEVELOPMENT_TEAM = DE7VK33CN4;
				INFOPLIST_FILE = SetLocation/Info.plist;
				LD_RUNPATH_SEARCH_PATHS = "$(inherited) @executable_path/Frameworks";
				PRODUCT_BUNDLE_IDENTIFIER = rimildeyjsr.SetLocation;
				PRODUCT_NAME = "$(TARGET_NAME)";
				SWIFT_VERSION = 3.0;
			};
			name = Release;
		};
/* End XCBuildConfiguration section */

/* Begin XCConfigurationList section */
		5C5780301FB44DD100573B94 /* Build configuration list for PBXProject "SetLocation" */ = {
			isa = XCConfigurationList;
			buildConfigurations = (
				5C5780451FB44DD100573B94 /* Debug */,
				5C5780461FB44DD100573B94 /* Release */,
			);
			defaultConfigurationIsVisible = 0;
			defaultConfigurationName = Release;
		};
		5C5780471FB44DD100573B94 /* Build configuration list for PBXNativeTarget "SetLocation" */ = {
			isa = XCConfigurationList;
			buildConfigurations = (
				5C5780481FB44DD100573B94 /* Debug */,
				5C5780491FB44DD100573B94 /* Release */,
			);
			defaultConfigurationIsVisible = 0;
		};
/* End XCConfigurationList section */
	};
	rootObject = 5C57802D1FB44DD100573B94 /* Project object */;
}
